
Microsoft Visual Studio Solution File, Format Version 12.00
# Visual Studio 2012
Project("{FAE04EC0-301F-11D3-BF4B-00C04F79EFBC}") = "Football", "Football\Football.csproj", "{C6A1DF83-F43F-43CD-91A3-8AA42D9E1656}"
EndProject
Global
	GlobalSection(SolutionConfigurationPlatforms) = preSolution
		Debug|x86 = Debug|x86
		Release|x86 = Release|x86
	EndGlobalSection
	GlobalSection(ProjectConfigurationPlatforms) = postSolution
		{C6A1DF83-F43F-43CD-91A3-8AA42D9E1656}.Debug|x86.ActiveCfg = Debug|x86
		{C6A1DF83-F43F-43CD-91A3-8AA42D9E1656}.Debug|x86.Build.0 = Debug|x86
		{C6A1DF83-F43F-43CD-91A3-8AA42D9E1656}.Release|x86.ActiveCfg = Release|x86
		{C6A1DF83-F43F-43CD-91A3-8AA42D9E1656}.Release|x86.Build.0 = Release|x86
	EndGlobalSection
EndGlobal
